// !$*UTF8*$!
{
	archiveVersion = 1;
	classes = {
	};
	objectVersion = 46;
	objects = {

/* Begin PBXBuildFile section */
		30BAB3E119100AF90056D763 /* Foundation.framework in Frameworks */ = {isa = PBXBuildFile; fileRef = 30BAB3E019100AF90056D763 /* Foundation.framework */; };
		30BAB3E319100AF90056D763 /* CoreGraphics.framework in Frameworks */ = {isa = PBXBuildFile; fileRef = 30BAB3E219100AF90056D763 /* CoreGraphics.framework */; };
		30BAB3E519100AF90056D763 /* UIKit.framework in Frameworks */ = {isa = PBXBuildFile; fileRef = 30BAB3E419100AF90056D763 /* UIKit.framework */; };
		30BAB3EB19100AF90056D763 /* InfoPlist.strings in Resources */ = {isa = PBXBuildFile; fileRef = 30BAB3E919100AF90056D763 /* InfoPlist.strings */; };
		30BAB3ED19100AF90056D763 /* main.m in Sources */ = {isa = PBXBuildFile; fileRef = 30BAB3EC19100AF90056D763 /* main.m */; };
		30BAB3F119100AF90056D763 /* AppDelegate.m in Sources */ = {isa = PBXBuildFile; fileRef = 30BAB3F019100AF90056D763 /* AppDelegate.m */; };
		30BAB3F419100AF90056D763 /* Main.storyboard in Resources */ = {isa = PBXBuildFile; fileRef = 30BAB3F219100AF90056D763 /* Main.storyboard */; };
		30BAB3F719100AF90056D763 /* ViewController.m in Sources */ = {isa = PBXBuildFile; fileRef = 30BAB3F619100AF90056D763 /* ViewController.m */; };
		30BAB3F919100AF90056D763 /* Images.xcassets in Resources */ = {isa = PBXBuildFile; fileRef = 30BAB3F819100AF90056D763 /* Images.xcassets */; };
		30BAB40019100AF90056D763 /* XCTest.framework in Frameworks */ = {isa = PBXBuildFile; fileRef = 30BAB3FF19100AF90056D763 /* XCTest.framework */; };
		30BAB40119100AF90056D763 /* Foundation.framework in Frameworks */ = {isa = PBXBuildFile; fileRef = 30BAB3E019100AF90056D763 /* Foundation.framework */; };
		30BAB40219100AF90056D763 /* UIKit.framework in Frameworks */ = {isa = PBXBuildFile; fileRef = 30BAB3E419100AF90056D763 /* UIKit.framework */; };
		30BAB40A19100AF90056D763 /* InfoPlist.strings in Resources */ = {isa = PBXBuildFile; fileRef = 30BAB40819100AF90056D763 /* InfoPlist.strings */; };
		30BAB40C19100AF90056D763 /* slimeTests.m in Sources */ = {isa = PBXBuildFile; fileRef = 30BAB40B19100AF90056D763 /* slimeTests.m */; };
		30BAB41719100B1F0056D763 /* slimeModel.m in Sources */ = {isa = PBXBuildFile; fileRef = 30BAB41619100B1F0056D763 /* slimeModel.m */; };
/* End PBXBuildFile section */

/* Begin PBXContainerItemProxy section */
		30BAB40319100AF90056D763 /* PBXContainerItemProxy */ = {
			isa = PBXContainerItemProxy;
			containerPortal = 30BAB3D519100AF80056D763 /* Project object */;
			proxyType = 1;
			remoteGlobalIDString = 30BAB3DC19100AF80056D763;
			remoteInfo = slime;
		};
/* End PBXContainerItemProxy section */

/* Begin PBXFileReference section */
		30BAB3DD19100AF80056D763 /* slime.app */ = {isa = PBXFileReference; explicitFileType = wrapper.application; includeInIndex = 0; path = slime.app; sourceTree = BUILT_PRODUCTS_DIR; };
		30BAB3E019100AF90056D763 /* Foundation.framework */ = {isa = PBXFileReference; lastKnownFileType = wrapper.framework; name = Foundation.framework; path = System/Library/Frameworks/Foundation.framework; sourceTree = SDKROOT; };
		30BAB3E219100AF90056D763 /* CoreGraphics.framework */ = {isa = PBXFileReference; lastKnownFileType = wrapper.framework; name = CoreGraphics.framework; path = System/Library/Frameworks/CoreGraphics.framework; sourceTree = SDKROOT; };
		30BAB3E419100AF90056D763 /* UIKit.framework */ = {isa = PBXFileReference; lastKnownFileType = wrapper.framework; name = UIKit.framework; path = System/Library/Frameworks/UIKit.framework; sourceTree = SDKROOT; };
		30BAB3E819100AF90056D763 /* slime-Info.plist */ = {isa = PBXFileReference; lastKnownFileType = text.plist.xml; path = "slime-Info.plist"; sourceTree = "<group>"; };
		30BAB3EA19100AF90056D763 /* en */ = {isa = PBXFileReference; lastKnownFileType = text.plist.strings; name = en; path = en.lproj/InfoPlist.strings; sourceTree = "<group>"; };
		30BAB3EC19100AF90056D763 /* main.m */ = {isa = PBXFileReference; lastKnownFileType = sourcecode.c.objc; path = main.m; sourceTree = "<group>"; };
		30BAB3EE19100AF90056D763 /* slime-Prefix.pch */ = {isa = PBXFileReference; lastKnownFileType = sourcecode.c.h; path = "slime-Prefix.pch"; sourceTree = "<group>"; };
		30BAB3EF19100AF90056D763 /* AppDelegate.h */ = {isa = PBXFileReference; lastKnownFileType = sourcecode.c.h; path = AppDelegate.h; sourceTree = "<group>"; };
		30BAB3F019100AF90056D763 /* AppDelegate.m */ = {isa = PBXFileReference; lastKnownFileType = sourcecode.c.objc; path = AppDelegate.m; sourceTree = "<group>"; };
		30BAB3F319100AF90056D763 /* Base */ = {isa = PBXFileReference; lastKnownFileType = file.storyboard; name = Base; path = Base.lproj/Main.storyboard; sourceTree = "<group>"; };
		30BAB3F519100AF90056D763 /* ViewController.h */ = {isa = PBXFileReference; lastKnownFileType = sourcecode.c.h; path = ViewController.h; sourceTree = "<group>"; };
		30BAB3F619100AF90056D763 /* ViewController.m */ = {isa = PBXFileReference; lastKnownFileType = sourcecode.c.objc; path = ViewController.m; sourceTree = "<group>"; };
		30BAB3F819100AF90056D763 /* Images.xcassets */ = {isa = PBXFileReference; lastKnownFileType = folder.assetcatalog; path = Images.xcassets; sourceTree = "<group>"; };
		30BAB3FE19100AF90056D763 /* slimeTests.xctest */ = {isa = PBXFileReference; explicitFileType = wrapper.cfbundle; includeInIndex = 0; path = slimeTests.xctest; sourceTree = BUILT_PRODUCTS_DIR; };
		30BAB3FF19100AF90056D763 /* XCTest.framework */ = {isa = PBXFileReference; lastKnownFileType = wrapper.framework; name = XCTest.framework; path = Library/Frameworks/XCTest.framework; sourceTree = DEVELOPER_DIR; };
		30BAB40719100AF90056D763 /* slimeTests-Info.plist */ = {isa = PBXFileReference; lastKnownFileType = text.plist.xml; path = "slimeTests-Info.plist"; sourceTree = "<group>"; };
		30BAB40919100AF90056D763 /* en */ = {isa = PBXFileReference; lastKnownFileType = text.plist.strings; name = en; path = en.lproj/InfoPlist.strings; sourceTree = "<group>"; };
		30BAB40B19100AF90056D763 /* slimeTests.m */ = {isa = PBXFileReference; lastKnownFileType = sourcecode.c.objc; path = slimeTests.m; sourceTree = "<group>"; };
		30BAB41519100B1F0056D763 /* slimeModel.h */ = {isa = PBXFileReference; fileEncoding = 4; lastKnownFileType = sourcecode.c.h; path = slimeModel.h; sourceTree = "<group>"; };
		30BAB41619100B1F0056D763 /* slimeModel.m */ = {isa = PBXFileReference; fileEncoding = 4; lastKnownFileType = sourcecode.c.objc; path = slimeModel.m; sourceTree = "<group>"; };
/* End PBXFileReference section */

/* Begin PBXFrameworksBuildPhase section */
		30BAB3DA19100AF80056D763 /* Frameworks */ = {
			isa = PBXFrameworksBuildPhase;
			buildActionMask = 2147483647;
			files = (
				30BAB3E319100AF90056D763 /* CoreGraphics.framework in Frameworks */,
				30BAB3E519100AF90056D763 /* UIKit.framework in Frameworks */,
				30BAB3E119100AF90056D763 /* Foundation.framework in Frameworks */,
			);
			runOnlyForDeploymentPostprocessing = 0;
		};
		30BAB3FB19100AF90056D763 /* Frameworks */ = {
			isa = PBXFrameworksBuildPhase;
			buildActionMask = 2147483647;
			files = (
				30BAB40019100AF90056D763 /* XCTest.framework in Frameworks */,
				30BAB40219100AF90056D763 /* UIKit.framework in Frameworks */,
				30BAB40119100AF90056D763 /* Foundation.framework in Frameworks */,
			);
			runOnlyForDeploymentPostprocessing = 0;
		};
/* End PBXFrameworksBuildPhase section */

/* Begin PBXGroup section */
		30BAB3D419100AF80056D763 = {
			isa = PBXGroup;
			children = (
				30BAB3E619100AF90056D763 /* slime */,
				30BAB40519100AF90056D763 /* slimeTests */,
				30BAB3DF19100AF80056D763 /* Frameworks */,
				30BAB3DE19100AF80056D763 /* Products */,
			);
			sourceTree = "<group>";
		};
		30BAB3DE19100AF80056D763 /* Products */ = {
			isa = PBXGroup;
			children = (
				30BAB3DD19100AF80056D763 /* slime.app */,
				30BAB3FE19100AF90056D763 /* slimeTests.xctest */,
			);
			name = Products;
			sourceTree = "<group>";
		};
		30BAB3DF19100AF80056D763 /* Frameworks */ = {
			isa = PBXGroup;
			children = (
				30BAB3E019100AF90056D763 /* Foundation.framework */,
				30BAB3E219100AF90056D763 /* CoreGraphics.framework */,
				30BAB3E419100AF90056D763 /* UIKit.framework */,
				30BAB3FF19100AF90056D763 /* XCTest.framework */,
			);
			name = Frameworks;
			sourceTree = "<group>";
		};
		30BAB3E619100AF90056D763 /* slime */ = {
			isa = PBXGroup;
			children = (
				30BAB41519100B1F0056D763 /* slimeModel.h */,
				30BAB41619100B1F0056D763 /* slimeModel.m */,
				30BAB3EF19100AF90056D763 /* AppDelegate.h */,
				30BAB3F019100AF90056D763 /* AppDelegate.m */,
				30BAB3F219100AF90056D763 /* Main.storyboard */,
				30BAB3F519100AF90056D763 /* ViewController.h */,
				30BAB3F619100AF90056D763 /* ViewController.m */,
				30BAB3F819100AF90056D763 /* Images.xcassets */,
				30BAB3E719100AF90056D763 /* Supporting Files */,
			);
			path = slime;
			sourceTree = "<group>";
		};
		30BAB3E719100AF90056D763 /* Supporting Files */ = {
			isa = PBXGroup;
			children = (
				30BAB3E819100AF90056D763 /* slime-Info.plist */,
				30BAB3E919100AF90056D763 /* InfoPlist.strings */,
				30BAB3EC19100AF90056D763 /* main.m */,
				30BAB3EE19100AF90056D763 /* slime-Prefix.pch */,
			);
			name = "Supporting Files";
			sourceTree = "<group>";
		};
		30BAB40519100AF90056D763 /* slimeTests */ = {
			isa = PBXGroup;
			children = (
				30BAB40B19100AF90056D763 /* slimeTests.m */,
				30BAB40619100AF90056D763 /* Supporting Files */,
			);
			path = slimeTests;
			sourceTree = "<group>";
		};
		30BAB40619100AF90056D763 /* Supporting Files */ = {
			isa = PBXGroup;
			children = (
				30BAB40719100AF90056D763 /* slimeTests-Info.plist */,
				30BAB40819100AF90056D763 /* InfoPlist.strings */,
			);
			name = "Supporting Files";
			sourceTree = "<group>";
		};
/* End PBXGroup section */

/* Begin PBXNativeTarget section */
		30BAB3DC19100AF80056D763 /* slime */ = {
			isa = PBXNativeTarget;
			buildConfigurationList = 30BAB40F19100AF90056D763 /* Build configuration list for PBXNativeTarget "slime" */;
			buildPhases = (
				30BAB3D919100AF80056D763 /* Sources */,
				30BAB3DA19100AF80056D763 /* Frameworks */,
				30BAB3DB19100AF80056D763 /* Resources */,
			);
			buildRules = (
			);
			dependencies = (
			);
			name = slime;
			productName = slime;
			productReference = 30BAB3DD19100AF80056D763 /* slime.app */;
			productType = "com.apple.product-type.application";
		};
		30BAB3FD19100AF90056D763 /* slimeTests */ = {
			isa = PBXNativeTarget;
			buildConfigurationList = 30BAB41219100AF90056D763 /* Build configuration list for PBXNativeTarget "slimeTests" */;
			buildPhases = (
				30BAB3FA19100AF90056D763 /* Sources */,
				30BAB3FB19100AF90056D763 /* Frameworks */,
				30BAB3FC19100AF90056D763 /* Resources */,
			);
			buildRules = (
			);
			dependencies = (
				30BAB40419100AF90056D763 /* PBXTargetDependency */,
			);
			name = slimeTests;
			productName = slimeTests;
			productReference = 30BAB3FE19100AF90056D763 /* slimeTests.xctest */;
			productType = "com.apple.product-type.bundle.unit-test";
		};
/* End PBXNativeTarget section */

/* Begin PBXProject section */
		30BAB3D519100AF80056D763 /* Project object */ = {
			isa = PBXProject;
			attributes = {
				LastUpgradeCheck = 0510;
				ORGANIZATIONNAME = satoutakeshi;
				TargetAttributes = {
					30BAB3FD19100AF90056D763 = {
						TestTargetID = 30BAB3DC19100AF80056D763;
					};
				};
			};
			buildConfigurationList = 30BAB3D819100AF80056D763 /* Build configuration list for PBXProject "slime" */;
			compatibilityVersion = "Xcode 3.2";
			developmentRegion = English;
			hasScannedForEncodings = 0;
			knownRegions = (
				en,
				Base,
			);
			mainGroup = 30BAB3D419100AF80056D763;
			productRefGroup = 30BAB3DE19100AF80056D763 /* Products */;
			projectDirPath = "";
			projectRoot = "";
			targets = (
				30BAB3DC19100AF80056D763 /* slime */,
				30BAB3FD19100AF90056D763 /* slimeTests */,
			);
		};
/* End PBXProject section */

/* Begin PBXResourcesBuildPhase section */
		30BAB3DB19100AF80056D763 /* Resources */ = {
			isa = PBXResourcesBuildPhase;
			buildActionMask = 2147483647;
			files = (
				30BAB3F919100AF90056D763 /* Images.xcassets in Resources */,
				30BAB3EB19100AF90056D763 /* InfoPlist.strings in Resources */,
				30BAB3F419100AF90056D763 /* Main.storyboard in Resources */,
			);
			runOnlyForDeploymentPostprocessing = 0;
		};
		30BAB3FC19100AF90056D763 /* Resources */ = {
			isa = PBXResourcesBuildPhase;
			buildActionMask = 2147483647;
			files = (
				30BAB40A19100AF90056D763 /* InfoPlist.strings in Resources */,
			);
			runOnlyForDeploymentPostprocessing = 0;
		};
/* End PBXResourcesBuildPhase section */

/* Begin PBXSourcesBuildPhase section */
		30BAB3D919100AF80056D763 /* Sources */ = {
			isa = PBXSourcesBuildPhase;
			buildActionMask = 2147483647;
			files = (
				30BAB3F719100AF90056D763 /* ViewController.m in Sources */,
				30BAB3F119100AF90056D763 /* AppDelegate.m in Sources */,
				30BAB41719100B1F0056D763 /* slimeModel.m in Sources */,
				30BAB3ED19100AF90056D763 /* main.m in Sources */,
			);
			runOnlyForDeploymentPostprocessing = 0;
		};
		30BAB3FA19100AF90056D763 /* Sources */ = {
			isa = PBXSourcesBuildPhase;
			buildActionMask = 2147483647;
			files = (
				30BAB40C19100AF90056D763 /* slimeTests.m in Sources */,
			);
			runOnlyForDeploymentPostprocessing = 0;
		};
/* End PBXSourcesBuildPhase section */

/* Begin PBXTargetDependency section */
		30BAB40419100AF90056D763 /* PBXTargetDependency */ = {
			isa = PBXTargetDependency;
			target = 30BAB3DC19100AF80056D763 /* slime */;
			targetProxy = 30BAB40319100AF90056D763 /* PBXContainerItemProxy */;
		};
/* End PBXTargetDependency section */

/* Begin PBXVariantGroup section */
		30BAB3E919100AF90056D763 /* InfoPlist.strings */ = {
			isa = PBXVariantGroup;
			children = (
				30BAB3EA19100AF90056D763 /* en */,
			);
			name = InfoPlist.strings;
			sourceTree = "<group>";
		};
		30BAB3F219100AF90056D763 /* Main.storyboard */ = {
			isa = PBXVariantGroup;
			children = (
				30BAB3F319100AF90056D763 /* Base */,
			);
			name = Main.storyboard;
			sourceTree = "<group>";
		};
		30BAB40819100AF90056D763 /* InfoPlist.strings */ = {
			isa = PBXVariantGroup;
			children = (
				30BAB40919100AF90056D763 /* en */,
			);
			name = InfoPlist.strings;
			sourceTree = "<group>";
		};
/* End PBXVariantGroup section */

/* Begin XCBuildConfiguration section */
		30BAB40D19100AF90056D763 /* Debug */ = {
			isa = XCBuildConfiguration;
			buildSettings = {
				ALWAYS_SEARCH_USER_PATHS = NO;
				CLANG_CXX_LANGUAGE_STANDARD = "gnu++0x";
				CLANG_CXX_LIBRARY = "libc++";
				CLANG_ENABLE_MODULES = YES;
				CLANG_ENABLE_OBJC_ARC = YES;
				CLANG_WARN_BOOL_CONVERSION = YES;
				CLANG_WARN_CONSTANT_CONVERSION = YES;
				CLANG_WARN_DIRECT_OBJC_ISA_USAGE = YES_ERROR;
				CLANG_WARN_EMPTY_BODY = YES;
				CLANG_WARN_ENUM_CONVERSION = YES;
				CLANG_WARN_INT_CONVERSION = YES;
				CLANG_WARN_OBJC_ROOT_CLASS = YES_ERROR;
				CLANG_WARN__DUPLICATE_METHOD_MATCH = YES;
				"CODE_SIGN_IDENTITY[sdk=iphoneos*]" = "iPhone Developer";
				COPY_PHASE_STRIP = NO;
				GCC_C_LANGUAGE_STANDARD = gnu99;
				GCC_DYNAMIC_NO_PIC = NO;
				GCC_OPTIMIZATION_LEVEL = 0;
				GCC_PREPROCESSOR_DEFINITIONS = (
					"DEBUG=1",
					"$(inherited)",
				);
				GCC_SYMBOLS_PRIVATE_EXTERN = NO;
				GCC_WARN_64_TO_32_BIT_CONVERSION = YES;
				GCC_WARN_ABOUT_RETURN_TYPE = YES_ERROR;
				GCC_WARN_UNDECLARED_SELECTOR = YES;
				GCC_WARN_UNINITIALIZED_AUTOS = YES_AGGRESSIVE;
				GCC_WARN_UNUSED_FUNCTION = YES;
				GCC_WARN_UNUSED_VARIABLE = YES;
				IPHONEOS_DEPLOYMENT_TARGET = 7.1;
				ONLY_ACTIVE_ARCH = YES;
				SDKROOT = iphoneos;
			};
			name = Debug;
		};
		30BAB40E19100AF90056D763 /* Release */ = {
			isa = XCBuildConfiguration;
			buildSettings = {
				ALWAYS_SEARCH_USER_PATHS = NO;
				CLANG_CXX_LANGUAGE_STANDARD = "gnu++0x";
				CLANG_CXX_LIBRARY = "libc++";
				CLANG_ENABLE_MODULES = YES;
				CLANG_ENABLE_OBJC_ARC = YES;
				CLANG_WARN_BOOL_CONVERSION = YES;
				CLANG_WARN_CONSTANT_CONVERSION = YES;
				CLANG_WARN_DIRECT_OBJC_ISA_USAGE = YES_ERROR;
				CLANG_WARN_EMPTY_BODY = YES;
				CLANG_WARN_ENUM_CONVERSION = YES;
				CLANG_WARN_INT_CONVERSION = YES;
				CLANG_WARN_OBJC_ROOT_CLASS = YES_ERROR;
				CLANG_WARN__DUPLICATE_METHOD_MATCH = YES;
				"CODE_SIGN_IDENTITY[sdk=iphoneos*]" = "iPhone Developer";
				COPY_PHASE_STRIP = YES;
				ENABLE_NS_ASSERTIONS = NO;
				GCC_C_LANGUAGE_STANDARD = gnu99;
				GCC_WARN_64_TO_32_BIT_CONVERSION = YES;
				GCC_WARN_ABOUT_RETURN_TYPE = YES_ERROR;
				GCC_WARN_UNDECLARED_SELECTOR = YES;
				GCC_WARN_UNINITIALIZED_AUTOS = YES_AGGRESSIVE;
				GCC_WARN_UNUSED_FUNCTION = YES;
				GCC_WARN_UNUSED_VARIABLE = YES;
				IPHONEOS_DEPLOYMENT_TARGET = 7.1;
				SDKROOT = iphoneos;
				VALIDATE_PRODUCT = YES;
			};
			name = Release;
		};
		30BAB41019100AF90056D763 /* Debug */ = {
			isa = XCBuildConfiguration;
			buildSettings = {
				ASSETCATALOG_COMPILER_APPICON_NAME = AppIcon;
				ASSETCATALOG_COMPILER_LAUNCHIMAGE_NAME = LaunchImage;
				GCC_PRECOMPILE_PREFIX_HEADER = YES;
				GCC_PREFIX_HEADER = "slime/slime-Prefix.pch";
				INFOPLIST_FILE = "slime/slime-Info.plist";
				PRODUCT_NAME = "$(TARGET_NAME)";
				WRAPPER_EXTENSION = app;
			};
			name = Debug;
		};
		30BAB41119100AF90056D763 /* Release */ = {
			isa = XCBuildConfiguration;
			buildSettings = {
				ASSETCATALOG_COMPILER_APPICON_NAME = AppIcon;
				ASSETCATALOG_COMPILER_LAUNCHIMAGE_NAME = LaunchImage;
				GCC_PRECOMPILE_PREFIX_HEADER = YES;
				GCC_PREFIX_HEADER = "slime/slime-Prefix.pch";
				INFOPLIST_FILE = "slime/slime-Info.plist";
				PRODUCT_NAME = "$(TARGET_NAME)";
				WRAPPER_EXTENSION = app;
			};
			name = Release;
		};
		30BAB41319100AF90056D763 /* Debug */ = {
			isa = XCBuildConfiguration;
			buildSettings = {
				BUNDLE_LOADER = "$(BUILT_PRODUCTS_DIR)/slime.app/slime";
				FRAMEWORK_SEARCH_PATHS = (
					"$(SDKROOT)/Developer/Library/Frameworks",
					"$(inherited)",
					"$(DEVELOPER_FRAMEWORKS_DIR)",
				);
				GCC_PRECOMPILE_PREFIX_HEADER = YES;
				GCC_PREFIX_HEADER = "slime/slime-Prefix.pch";
				GCC_PREPROCESSOR_DEFINITIONS = (
					"DEBUG=1",
					"$(inherited)",
				);
				INFOPLIST_FILE = "slimeTests/slimeTests-Info.plist";
				PRODUCT_NAME = "$(TARGET_NAME)";
				TEST_HOST = "$(BUNDLE_LOADER)";
				WRAPPER_EXTENSION = xctest;
			};
			name = Debug;
		};
		30BAB41419100AF90056D763 /* Release */ = {
			isa = XCBuildConfiguration;
			buildSettings = {
				BUNDLE_LOADER = "$(BUILT_PRODUCTS_DIR)/slime.app/slime";
				FRAMEWORK_SEARCH_PATHS = (
					"$(SDKROOT)/Developer/Library/Frameworks",
					"$(inherited)",
					"$(DEVELOPER_FRAMEWORKS_DIR)",
				);
				GCC_PRECOMPILE_PREFIX_HEADER = YES;
				GCC_PREFIX_HEADER = "slime/slime-Prefix.pch";
				INFOPLIST_FILE = "slimeTests/slimeTests-Info.plist";
				PRODUCT_NAME = "$(TARGET_NAME)";
				TEST_HOST = "$(BUNDLE_LOADER)";
				WRAPPER_EXTENSION = xctest;
			};
			name = Release;
		};
/* End XCBuildConfiguration section */

/* Begin XCConfigurationList section */
		30BAB3D819100AF80056D763 /* Build configuration list for PBXProject "slime" */ = {
			isa = XCConfigurationList;
			buildConfigurations = (
				30BAB40D19100AF90056D763 /* Debug */,
				30BAB40E19100AF90056D763 /* Release */,
			);
			defaultConfigurationIsVisible = 0;
			defaultConfigurationName = Release;
		};
		30BAB40F19100AF90056D763 /* Build configuration list for PBXNativeTarget "slime" */ = {
			isa = XCConfigurationList;
			buildConfigurations = (
				30BAB41019100AF90056D763 /* Debug */,
				30BAB41119100AF90056D763 /* Release */,
			);
			defaultConfigurationIsVisible = 0;
		};
		30BAB41219100AF90056D763 /* Build configuration list for PBXNativeTarget "slimeTests" */ = {
			isa = XCConfigurationList;
			buildConfigurations = (
				30BAB41319100AF90056D763 /* Debug */,
				30BAB41419100AF90056D763 /* Release */,
			);
			defaultConfigurationIsVisible = 0;
		};
/* End XCConfigurationList section */
	};
	rootObject = 30BAB3D519100AF80056D763 /* Project object */;
}
